
Microsoft Visual Studio Solution File, Format Version 12.00
Project("{FAE04EC0-301F-11D3-BF4B-00C04F79EFBC}") = "Extensions", "Extensions\Extensions.csproj", "{557C259E-7144-40A3-82E7-3F75E0A5E588}"
EndProject
Project("{FAE04EC0-301F-11D3-BF4B-00C04F79EFBC}") = "AndroidBackend", "AndroidBackend\AndroidBackend.csproj", "{D5095DEB-8FB4-48C0-B39D-B7BC63CBC772}"
EndProject
Project("{FAE04EC0-301F-11D3-BF4B-00C04F79EFBC}") = "DesktopGLBackend", "DesktopGLBackend\DesktopGLBackend.csproj", "{802DE37C-7431-476E-90E5-CE225500406F}"
EndProject
Project("{FAE04EC0-301F-11D3-BF4B-00C04F79EFBC}") = "Corelib", "Corelib\Corelib.csproj", "{2FDBE40C-2703-4C72-B383-FA716D4F5459}"
EndProject
Project("{FAE04EC0-301F-11D3-BF4B-00C04F79EFBC}") = "ConsoleApp1", "..\ConsoleApp1\ConsoleApp1.csproj", "{EC2CAFBF-3408-426D-883B-53D461EAAE83}"
EndProject
Global
	GlobalSection(SolutionConfigurationPlatforms) = preSolution
		Debug|Any CPU = Debug|Any CPU
		Release|Any CPU = Release|Any CPU
	EndGlobalSection
	GlobalSection(ProjectConfigurationPlatforms) = postSolution
		{557C259E-7144-40A3-82E7-3F75E0A5E588}.Debug|Any CPU.ActiveCfg = Debug|Any CPU
		{557C259E-7144-40A3-82E7-3F75E0A5E588}.Debug|Any CPU.Build.0 = Debug|Any CPU
		{557C259E-7144-40A3-82E7-3F75E0A5E588}.Release|Any CPU.ActiveCfg = Release|Any CPU
		{557C259E-7144-40A3-82E7-3F75E0A5E588}.Release|Any CPU.Build.0 = Release|Any CPU
		{D5095DEB-8FB4-48C0-B39D-B7BC63CBC772}.Debug|Any CPU.ActiveCfg = Debug|Any CPU
		{D5095DEB-8FB4-48C0-B39D-B7BC63CBC772}.Debug|Any CPU.Build.0 = Debug|Any CPU
		{D5095DEB-8FB4-48C0-B39D-B7BC63CBC772}.Release|Any CPU.ActiveCfg = Release|Any CPU
		{D5095DEB-8FB4-48C0-B39D-B7BC63CBC772}.Release|Any CPU.Build.0 = Release|Any CPU
		{802DE37C-7431-476E-90E5-CE225500406F}.Debug|Any CPU.ActiveCfg = Debug|Any CPU
		{802DE37C-7431-476E-90E5-CE225500406F}.Debug|Any CPU.Build.0 = Debug|Any CPU
		{802DE37C-7431-476E-90E5-CE225500406F}.Release|Any CPU.ActiveCfg = Release|Any CPU
		{802DE37C-7431-476E-90E5-CE225500406F}.Release|Any CPU.Build.0 = Release|Any CPU
		{2FDBE40C-2703-4C72-B383-FA716D4F5459}.Debug|Any CPU.ActiveCfg = Debug|Any CPU
		{2FDBE40C-2703-4C72-B383-FA716D4F5459}.Debug|Any CPU.Build.0 = Debug|Any CPU
		{2FDBE40C-2703-4C72-B383-FA716D4F5459}.Release|Any CPU.ActiveCfg = Release|Any CPU
		{2FDBE40C-2703-4C72-B383-FA716D4F5459}.Release|Any CPU.Build.0 = Release|Any CPU
		{EC2CAFBF-3408-426D-883B-53D461EAAE83}.Debug|Any CPU.ActiveCfg = Debug|Any CPU
		{EC2CAFBF-3408-426D-883B-53D461EAAE83}.Debug|Any CPU.Build.0 = Debug|Any CPU
		{EC2CAFBF-3408-426D-883B-53D461EAAE83}.Release|Any CPU.ActiveCfg = Release|Any CPU
		{EC2CAFBF-3408-426D-883B-53D461EAAE83}.Release|Any CPU.Build.0 = Release|Any CPU
	EndGlobalSection
EndGlobal
